github.com/gorilla/websocket v1.5.3 h1:saDtZ6Pbx/0u+bgYQ3q96pZgCzfhKXGPqt7kZ72aNNg=
github.com/gorilla/websocket v1.5.3/go.mod h1:YR8l580nyteQvAITg2hZ9XVh4b55+EU/adAjf1fMHhE=
github.com/xthexder/go-jack v0.0.0-20220805234212-bc8604043aba h1:QighQ8fJJOqipXXurg9WghoImtvl7CHTpe21GDYdIkk=
github.com/xthexder/go-jack v0.0.0-20220805234212-bc8604043aba/go.mod h1:T6DswVPJzBW/Xg64l/gohXVgSW81GwXyMws1fkqxlUg=
